// !$*UTF8*$!
{
	archiveVersion = 1;
	classes = {
	};
	objectVersion = 77;
	objects = {

/* Begin PBXBuildFile section */
		00181233B958550275405AA1 /* Foundation.framework in Frameworks */ = {isa = PBXBuildFile; fileRef = 718E648107BB2F53D2ABF279 /* Foundation.framework */; };
		2C1428D646D4DFEC4F438491 /* ShareViewController.swift in Sources */ = {isa = PBXBuildFile; fileRef = 707A06BA192104E6C2CAD656 /* ShareViewController.swift */; };
		ABB82F3E2FAD0C6100EAEC50 /* WidgetKit.framework in Frameworks */ = {isa = PBXBuildFile; fileRef = ABB82F3D2FAD0C6100EAEC50 /* WidgetKit.framework */; };
		ABB82F402FAD0C6100EAEC50 /* SwiftUI.framework in Frameworks */ = {isa = PBXBuildFile; fileRef = ABB82F3F2FAD0C6100EAEC50 /* SwiftUI.framework */; };
		ABB82F512FAD0C6300EAEC50 /* CeciliasNotesWidgetExtension.appex in Embed Foundation Extensions */ = {isa = PBXBuildFile; fileRef = ABB82F3B2FAD0C6100EAEC50 /* CeciliasNotesWidgetExtension.appex */; settings = {ATTRIBUTES = (RemoveHeadersOnCopy, ); }; };
		AEBDD1C843F95549D4FC3FAF /* CeciliasNotesShareExtension.appex in Embed Foundation Extensions */ = {isa = PBXBuildFile; fileRef = 0D2E9E45FB06E5323A18DA69 /* CeciliasNotesShareExtension.appex */; settings = {ATTRIBUTES = (RemoveHeadersOnCopy, ); }; };
/* End PBXBuildFile section */

/* Begin PBXContainerItemProxy section */
		ABB82E2E2FAD01B400EAEC50 /* PBXContainerItemProxy */ = {
			isa = PBXContainerItemProxy;
			containerPortal = ABB82E182FAD01B300EAEC50 /* Project object */;
			proxyType = 1;
			remoteGlobalIDString = ABB82E1F2FAD01B300EAEC50;
			remoteInfo = CeciliasNotes;
		};
		ABB82E382FAD01B400EAEC50 /* PBXContainerItemProxy */ = {
			isa = PBXContainerItemProxy;
			containerPortal = ABB82E182FAD01B300EAEC50 /* Project object */;
			proxyType = 1;
			remoteGlobalIDString = ABB82E1F2FAD01B300EAEC50;
			remoteInfo = CeciliasNotes;
		};
		ABB82F4F2FAD0C6300EAEC50 /* PBXContainerItemProxy */ = {
			isa = PBXContainerItemProxy;
			containerPortal = ABB82E182FAD01B300EAEC50 /* Project object */;
			proxyType = 1;
			remoteGlobalIDString = ABB82F3A2FAD0C6100EAEC50;
			remoteInfo = CeciliasNotesWidgetExtension;
		};
		C0A1MAC10000000000000A /* PBXContainerItemProxy */ = {
			isa = PBXContainerItemProxy;
			containerPortal = ABB82E182FAD01B300EAEC50 /* Project object */;
			proxyType = 1;
			remoteGlobalIDString = C0A1A0A12FAD100000000010;
			remoteInfo = CeciliasNotesMac;
		};
		D172600895C0255B01F138C7 /* PBXContainerItemProxy */ = {
			isa = PBXContainerItemProxy;
			containerPortal = ABB82E182FAD01B300EAEC50 /* Project object */;
			proxyType = 1;
			remoteGlobalIDString = A9990A6A7CA431173D36636B;
			remoteInfo = CeciliasNotesShareExtension;
		};
/* End PBXContainerItemProxy section */

/* Begin PBXCopyFilesBuildPhase section */
		ABB82F562FAD0C6300EAEC50 /* Embed Foundation Extensions */ = {
			isa = PBXCopyFilesBuildPhase;
			buildActionMask = 2147483647;
			dstPath = "";
			dstSubfolderSpec = 13;
			files = (
				ABB82F512FAD0C6300EAEC50 /* CeciliasNotesWidgetExtension.appex in Embed Foundation Extensions */,
				AEBDD1C843F95549D4FC3FAF /* CeciliasNotesShareExtension.appex in Embed Foundation Extensions */,
			);
			name = "Embed Foundation Extensions";
			runOnlyForDeploymentPostprocessing = 0;
		};
/* End PBXCopyFilesBuildPhase section */

/* Begin PBXFileReference section */
		0D2E9E45FB06E5323A18DA69 /* CeciliasNotesShareExtension.appex */ = {isa = PBXFileReference; explicitFileType = "wrapper.app-extension"; includeInIndex = 0; path = CeciliasNotesShareExtension.appex; sourceTree = BUILT_PRODUCTS_DIR; };
		707A06BA192104E6C2CAD656 /* ShareViewController.swift */ = {isa = PBXFileReference; includeInIndex = 1; lastKnownFileType = sourcecode.swift; path = ShareViewController.swift; sourceTree = "<group>"; };
		718E648107BB2F53D2ABF279 /* Foundation.framework */ = {isa = PBXFileReference; lastKnownFileType = wrapper.framework; name = Foundation.framework; path = Platforms/iPhoneOS.platform/Developer/SDKs/iPhoneOS18.0.sdk/System/Library/Frameworks/Foundation.framework; sourceTree = DEVELOPER_DIR; };
		87A6CA5DEAB7A58C80DD5E3F /* Info.plist */ = {isa = PBXFileReference; includeInIndex = 1; lastKnownFileType = text.plist.xml; path = Info.plist; sourceTree = "<group>"; };
		ABB82E202FAD01B300EAEC50 /* CeciliasNotes.app */ = {isa = PBXFileReference; explicitFileType = wrapper.application; includeInIndex = 0; path = CeciliasNotes.app; sourceTree = BUILT_PRODUCTS_DIR; };
		ABB82E2D2FAD01B400EAEC50 /* CeciliasNotesTests.xctest */ = {isa = PBXFileReference; explicitFileType = wrapper.cfbundle; includeInIndex = 0; path = CeciliasNotesTests.xctest; sourceTree = BUILT_PRODUCTS_DIR; };
		ABB82E372FAD01B400EAEC50 /* CeciliasNotesUITests.xctest */ = {isa = PBXFileReference; explicitFileType = wrapper.cfbundle; includeInIndex = 0; path = CeciliasNotesUITests.xctest; sourceTree = BUILT_PRODUCTS_DIR; };
		ABB82F3B2FAD0C6100EAEC50 /* CeciliasNotesWidgetExtension.appex */ = {isa = PBXFileReference; explicitFileType = "wrapper.app-extension"; includeInIndex = 0; path = CeciliasNotesWidgetExtension.appex; sourceTree = BUILT_PRODUCTS_DIR; };
		ABB82F3D2FAD0C6100EAEC50 /* WidgetKit.framework */ = {isa = PBXFileReference; lastKnownFileType = wrapper.framework; name = WidgetKit.framework; path = System/Library/Frameworks/WidgetKit.framework; sourceTree = SDKROOT; };
		ABB82F3F2FAD0C6100EAEC50 /* SwiftUI.framework */ = {isa = PBXFileReference; lastKnownFileType = wrapper.framework; name = SwiftUI.framework; path = System/Library/Frameworks/SwiftUI.framework; sourceTree = SDKROOT; };
		BEBD418F864F793079F7B293 /* CeciliasNotesShareExtension.entitlements */ = {isa = PBXFileReference; includeInIndex = 1; lastKnownFileType = text.plist.entitlements; path = CeciliasNotesShareExtension.entitlements; sourceTree = "<group>"; };
		C0A1A0A12FAD100000000001 /* CeciliasNotesMac.app */ = {isa = PBXFileReference; explicitFileType = wrapper.application; includeInIndex = 0; path = CeciliasNotesMac.app; sourceTree = BUILT_PRODUCTS_DIR; };
		C0A1MAC100000000000002 /* CeciliasNotesMacTests.xctest */ = {isa = PBXFileReference; explicitFileType = wrapper.cfbundle; includeInIndex = 0; path = CeciliasNotesMacTests.xctest; sourceTree = BUILT_PRODUCTS_DIR; };
/* End PBXFileReference section */

/* Begin PBXFileSystemSynchronizedBuildFileExceptionSet section */
		ABB82F2C2FAD037C00EAEC50 /* Exceptions for "CeciliasNotes" folder in "CeciliasNotes" target */ = {
			isa = PBXFileSystemSynchronizedBuildFileExceptionSet;
			membershipExceptions = (
				Core/Extensions/.gitkeep,
				Core/Models/.gitkeep,
				Core/Services/.gitkeep,
				Core/Utilities/.gitkeep,
				Features/Editor/.gitkeep,
				Features/Library/.gitkeep,
				Features/Onboarding/.gitkeep,
				Resources/Info.plist,
			);
			target = ABB82E1F2FAD01B300EAEC50 /* CeciliasNotes */;
		};
		ABB82F552FAD0C6300EAEC50 /* Exceptions for "CeciliasNotesWidget" folder in "CeciliasNotesWidgetExtension" target */ = {
			isa = PBXFileSystemSynchronizedBuildFileExceptionSet;
			membershipExceptions = (
				Info.plist,
			);
			target = ABB82F3A2FAD0C6100EAEC50 /* CeciliasNotesWidgetExtension */;
		};
		C0A1A0A12FAD100000000002 /* Exceptions for "CeciliasNotesMac" folder in "CeciliasNotesMac" target */ = {
			isa = PBXFileSystemSynchronizedBuildFileExceptionSet;
			membershipExceptions = (
				Resources/Info.plist,
			);
			target = C0A1A0A12FAD100000000010 /* CeciliasNotesMac */;
		};
		C0A1A0A12FAD100000000020 /* Exceptions for "CeciliasNotes/Core" folder in "CeciliasNotesMac" target */ = {
			isa = PBXFileSystemSynchronizedBuildFileExceptionSet;
			membershipExceptions = (
				Extensions/.gitkeep,
				Models/.gitkeep,
				Services/.gitkeep,
				Services/ImagePickerBridge.swift,
				Services/InputCapabilityDetector.swift,
				Services/KeyboardObserver.swift,
				Services/ModalPresenter.swift,
				Services/ModifierKeyObserver.swift,
				Services/ShareInboxWatcher.swift,
				Utilities/.gitkeep,
			);
			target = C0A1A0A12FAD100000000010 /* CeciliasNotesMac */;
		};
		C0A1A0A12FAD100000000021 /* Exceptions for "CeciliasNotes/DesignSystem" folder in "CeciliasNotesMac" target */ = {
			isa = PBXFileSystemSynchronizedBuildFileExceptionSet;
			membershipExceptions = (
				BrandIconRenderer.swift,
			);
			target = C0A1A0A12FAD100000000010 /* CeciliasNotesMac */;
		};
		C0A1A0A12FAD100000000022 /* Exceptions for "CeciliasNotes/Features/Library" folder in "CeciliasNotesMac" target */ = {
			isa = PBXFileSystemSynchronizedBuildFileExceptionSet;
			membershipExceptions = (
				.gitkeep,
				Grid/CoverTextureCanvas.swift,
				LibraryView.swift,
			);
			target = C0A1A0A12FAD100000000010 /* CeciliasNotesMac */;
		};
		C0A1A0A12FAD100000000023 /* Exceptions for "CeciliasNotes/Features/Editor/Strokes" folder in "CeciliasNotesMac" target */ = {
			isa = PBXFileSystemSynchronizedBuildFileExceptionSet;
			membershipExceptions = (
				StrokeElementsOverlayView.swift,
				StrokeElementView.swift,
			);
			target = C0A1A0A12FAD100000000010 /* CeciliasNotesMac */;
		};
		C0A1A0A12FAD100000000024 /* Exceptions for "CeciliasNotes/Features/Editor/Shapes" folder in "CeciliasNotesMac" target */ = {
			isa = PBXFileSystemSynchronizedBuildFileExceptionSet;
			membershipExceptions = (
				PencilFingerDragSurface.swift,
				ShapeElementsOverlayView.swift,
			);
			target = C0A1A0A12FAD100000000010 /* CeciliasNotesMac */;
		};
		C0A1A0A12FAD100000000025 /* Exceptions for "CeciliasNotes/Features/Editor/TextElements" folder in "CeciliasNotesMac" target */ = {
			isa = PBXFileSystemSynchronizedBuildFileExceptionSet;
			membershipExceptions = (
				RichText/RichTextController.swift,
				RichText/RichTextStyle.swift,
				RichText/TextElementSplitter.swift,
				RichText/TextElementToolbar.swift,
				TextEditorRepresentable.swift,
				TextElementsOverlayView.swift,
				TextElementView.swift,
				TextSizePickerView.swift,
			);
			target = C0A1A0A12FAD100000000010 /* CeciliasNotesMac */;
		};
		C0A1A0A12FAD100000000029 /* Exceptions for "CeciliasNotes/Resources" folder in "CeciliasNotesMac" target */ = {
			isa = PBXFileSystemSynchronizedBuildFileExceptionSet;
			membershipExceptions = (
				Assets.xcassets,
				Info.plist,
				PrivacyInfo.xcprivacy,
			);
			target = C0A1A0A12FAD100000000010 /* CeciliasNotesMac */;
		};
		C0A1A0A12FAD10000000002A /* Exceptions for "CeciliasNotes/Features/Onboarding" folder in "CeciliasNotesMac" target */ = {
			isa = PBXFileSystemSynchronizedBuildFileExceptionSet;
			membershipExceptions = (
				IconUpdateGate.swift,
				OnboardingView.swift,
			);
			target = C0A1A0A12FAD100000000010 /* CeciliasNotesMac */;
		};
		C0A1A0A12FAD10000000003D /* Exceptions for "CeciliasNotes/Features/Editor/AudioElements" folder in "CeciliasNotesMac" target */ = {
			isa = PBXFileSystemSynchronizedBuildFileExceptionSet;
			membershipExceptions = (
				AudioElementsOverlayView.swift,
				AudioElementView.swift,
				AudioPlaybackController.swift,
			);
			target = C0A1A0A12FAD100000000010 /* CeciliasNotesMac */;
		};
		C0A1A0A12FAD100000000040 /* Exceptions for "CeciliasNotes/Features/Editor/Audio" folder in "CeciliasNotesMac" target */ = {
			isa = PBXFileSystemSynchronizedBuildFileExceptionSet;
			membershipExceptions = (
				AudioFilePicker.swift,
			);
			target = C0A1A0A12FAD100000000010 /* CeciliasNotesMac */;
		};
/* End PBXFileSystemSynchronizedBuildFileExceptionSet section */

/* Begin PBXFileSystemSynchronizedRootGroup section */
		ABB82E222FAD01B300EAEC50 /* CeciliasNotes */ = {
			isa = PBXFileSystemSynchronizedRootGroup;
			exceptions = (
				ABB82F2C2FAD037C00EAEC50 /* Exceptions for "CeciliasNotes" folder in "CeciliasNotes" target */,
			);
			path = CeciliasNotes;
			sourceTree = "<group>";
		};
		ABB82E302FAD01B400EAEC50 /* CeciliasNotesTests */ = {
			isa = PBXFileSystemSynchronizedRootGroup;
			path = CeciliasNotesTests;
			sourceTree = "<group>";
		};
		ABB82E3A2FAD01B400EAEC50 /* CeciliasNotesUITests */ = {
			isa = PBXFileSystemSynchronizedRootGroup;
			path = CeciliasNotesUITests;
			sourceTree = "<group>";
		};
		ABB82F412FAD0C6100EAEC50 /* CeciliasNotesWidget */ = {
			isa = PBXFileSystemSynchronizedRootGroup;
			exceptions = (
				ABB82F552FAD0C6300EAEC50 /* Exceptions for "CeciliasNotesWidget" folder in "CeciliasNotesWidgetExtension" target */,
			);
			path = CeciliasNotesWidget;
			sourceTree = "<group>";
		};
		C0A1A0A12FAD100000000003 /* CeciliasNotesMac */ = {
			isa = PBXFileSystemSynchronizedRootGroup;
			exceptions = (
				C0A1A0A12FAD100000000002 /* Exceptions for "CeciliasNotesMac" folder in "CeciliasNotesMac" target */,
			);
			path = CeciliasNotesMac;
			sourceTree = "<group>";
		};
		C0A1A0A12FAD100000000030 /* CeciliasNotes/Core */ = {
			isa = PBXFileSystemSynchronizedRootGroup;
			exceptions = (
				C0A1A0A12FAD100000000020 /* Exceptions for "CeciliasNotes/Core" folder in "CeciliasNotesMac" target */,
			);
			path = CeciliasNotes/Core;
			sourceTree = "<group>";
		};
		C0A1A0A12FAD100000000031 /* CeciliasNotes/DesignSystem */ = {
			isa = PBXFileSystemSynchronizedRootGroup;
			exceptions = (
				C0A1A0A12FAD100000000021 /* Exceptions for "CeciliasNotes/DesignSystem" folder in "CeciliasNotesMac" target */,
			);
			path = CeciliasNotes/DesignSystem;
			sourceTree = "<group>";
		};
		C0A1A0A12FAD100000000032 /* CeciliasNotes/Features/Library */ = {
			isa = PBXFileSystemSynchronizedRootGroup;
			exceptions = (
				C0A1A0A12FAD100000000022 /* Exceptions for "CeciliasNotes/Features/Library" folder in "CeciliasNotesMac" target */,
			);
			path = CeciliasNotes/Features/Library;
			sourceTree = "<group>";
		};
		C0A1A0A12FAD100000000033 /* CeciliasNotes/Features/Editor/Strokes */ = {
			isa = PBXFileSystemSynchronizedRootGroup;
			exceptions = (
				C0A1A0A12FAD100000000023 /* Exceptions for "CeciliasNotes/Features/Editor/Strokes" folder in "CeciliasNotesMac" target */,
			);
			path = CeciliasNotes/Features/Editor/Strokes;
			sourceTree = "<group>";
		};
		C0A1A0A12FAD100000000034 /* CeciliasNotes/Features/Editor/Shapes */ = {
			isa = PBXFileSystemSynchronizedRootGroup;
			exceptions = (
				C0A1A0A12FAD100000000024 /* Exceptions for "CeciliasNotes/Features/Editor/Shapes" folder in "CeciliasNotesMac" target */,
			);
			path = CeciliasNotes/Features/Editor/Shapes;
			sourceTree = "<group>";
		};
		C0A1A0A12FAD100000000035 /* CeciliasNotes/Features/Editor/TextElements */ = {
			isa = PBXFileSystemSynchronizedRootGroup;
			exceptions = (
				C0A1A0A12FAD100000000025 /* Exceptions for "CeciliasNotes/Features/Editor/TextElements" folder in "CeciliasNotesMac" target */,
			);
			path = CeciliasNotes/Features/Editor/TextElements;
			sourceTree = "<group>";
		};
		C0A1A0A12FAD100000000036 /* CeciliasNotes/Features/Sync */ = {
			isa = PBXFileSystemSynchronizedRootGroup;
			path = CeciliasNotes/Features/Sync;
			sourceTree = "<group>";
		};
		C0A1A0A12FAD100000000037 /* CeciliasNotes/Features/Editor/Cover */ = {
			isa = PBXFileSystemSynchronizedRootGroup;
			path = CeciliasNotes/Features/Editor/Cover;
			sourceTree = "<group>";
		};
		C0A1A0A12FAD100000000038 /* CeciliasNotes/Resources */ = {
			isa = PBXFileSystemSynchronizedRootGroup;
			exceptions = (
				C0A1A0A12FAD100000000029 /* Exceptions for "CeciliasNotes/Resources" folder in "CeciliasNotesMac" target */,
			);
			path = CeciliasNotes/Resources;
			sourceTree = "<group>";
		};
		C0A1A0A12FAD100000000039 /* CeciliasNotes/Features/Onboarding */ = {
			isa = PBXFileSystemSynchronizedRootGroup;
			exceptions = (
				C0A1A0A12FAD10000000002A /* Exceptions for "CeciliasNotes/Features/Onboarding" folder in "CeciliasNotesMac" target */,
			);
			path = CeciliasNotes/Features/Onboarding;
			sourceTree = "<group>";
		};
		C0A1A0A12FAD10000000003A /* CeciliasNotes/Features/Editor/AI */ = {
			isa = PBXFileSystemSynchronizedRootGroup;
			path = CeciliasNotes/Features/Editor/AI;
			sourceTree = "<group>";
		};
		C0A1A0A12FAD10000000003B /* CeciliasNotes/Features/Editor/Lecture */ = {
			isa = PBXFileSystemSynchronizedRootGroup;
			path = CeciliasNotes/Features/Editor/Lecture;
			sourceTree = "<group>";
		};
		C0A1A0A12FAD10000000003C /* CeciliasNotes/Features/Editor/AudioElements */ = {
			isa = PBXFileSystemSynchronizedRootGroup;
			exceptions = (
				C0A1A0A12FAD10000000003D /* Exceptions for "CeciliasNotes/Features/Editor/AudioElements" folder in "CeciliasNotesMac" target */,
			);
			path = CeciliasNotes/Features/Editor/AudioElements;
			sourceTree = "<group>";
		};
		C0A1A0A12FAD10000000003E /* CeciliasNotes/Features/Quiz */ = {
			isa = PBXFileSystemSynchronizedRootGroup;
			path = CeciliasNotes/Features/Quiz;
			sourceTree = "<group>";
		};
		C0A1A0A12FAD10000000003F /* CeciliasNotes/Features/Editor/Audio */ = {
			isa = PBXFileSystemSynchronizedRootGroup;
			exceptions = (
				C0A1A0A12FAD100000000040 /* Exceptions for "CeciliasNotes/Features/Editor/Audio" folder in "CeciliasNotesMac" target */,
			);
			path = CeciliasNotes/Features/Editor/Audio;
			sourceTree = "<group>";
		};
		C0A1MAC100000000000001 /* CeciliasNotesMacTests */ = {
			isa = PBXFileSystemSynchronizedRootGroup;
			path = CeciliasNotesMacTests;
			sourceTree = "<group>";
		};
/* End PBXFileSystemSynchronizedRootGroup section */

/* Begin PBXFrameworksBuildPhase section */
		7B1EA0225FE8569DA2A7C01F /* Frameworks */ = {
			isa = PBXFrameworksBuildPhase;
			buildActionMask = 2147483647;
			files = (
				00181233B958550275405AA1 /* Foundation.framework in Frameworks */,
			);
			runOnlyForDeploymentPostprocessing = 0;
		};
		ABB82E1D2FAD01B300EAEC50 /* Frameworks */ = {
			isa = PBXFrameworksBuildPhase;
			buildActionMask = 2147483647;
			files = (
			);
			runOnlyForDeploymentPostprocessing = 0;
		};
		ABB82E2A2FAD01B400EAEC50 /* Frameworks */ = {
			isa = PBXFrameworksBuildPhase;
			buildActionMask = 2147483647;
			files = (
			);
			runOnlyForDeploymentPostprocessing = 0;
		};
		ABB82E342FAD01B400EAEC50 /* Frameworks */ = {
			isa = PBXFrameworksBuildPhase;
			buildActionMask = 2147483647;
			files = (
			);
			runOnlyForDeploymentPostprocessing = 0;
		};
		ABB82F382FAD0C6100EAEC50 /* Frameworks */ = {
			isa = PBXFrameworksBuildPhase;
			buildActionMask = 2147483647;
			files = (
				ABB82F402FAD0C6100EAEC50 /* SwiftUI.framework in Frameworks */,
				ABB82F3E2FAD0C6100EAEC50 /* WidgetKit.framework in Frameworks */,
			);
			runOnlyForDeploymentPostprocessing = 0;
		};
		C0A1A0A12FAD100000000004 /* Frameworks */ = {
			isa = PBXFrameworksBuildPhase;
			buildActionMask = 2147483647;
			files = (
			);
			runOnlyForDeploymentPostprocessing = 0;
		};
		C0A1MAC100000000000005 /* Frameworks */ = {
			isa = PBXFrameworksBuildPhase;
			buildActionMask = 2147483647;
			files = (
			);
			runOnlyForDeploymentPostprocessing = 0;
		};
/* End PBXFrameworksBuildPhase section */

/* Begin PBXGroup section */
		62670A8D31320BFCA39E4F25 /* iOS */ = {
			isa = PBXGroup;
			children = (
				718E648107BB2F53D2ABF279 /* Foundation.framework */,
			);
			name = iOS;
			sourceTree = "<group>";
		};
		ABA4F30A2FFA91CE0047D365 /* Recovered References */ = {
			isa = PBXGroup;
			children = (
				C0A1A0A12FAD100000000030 /* CeciliasNotes/Core */,
				C0A1A0A12FAD100000000031 /* CeciliasNotes/DesignSystem */,
				C0A1A0A12FAD100000000032 /* CeciliasNotes/Features/Library */,
				C0A1A0A12FAD100000000033 /* CeciliasNotes/Features/Editor/Strokes */,
				C0A1A0A12FAD100000000034 /* CeciliasNotes/Features/Editor/Shapes */,
				C0A1A0A12FAD100000000035 /* CeciliasNotes/Features/Editor/TextElements */,
				C0A1A0A12FAD100000000036 /* CeciliasNotes/Features/Sync */,
				C0A1A0A12FAD100000000037 /* CeciliasNotes/Features/Editor/Cover */,
				C0A1A0A12FAD10000000003A /* CeciliasNotes/Features/Editor/AI */,
				C0A1A0A12FAD10000000003B /* CeciliasNotes/Features/Editor/Lecture */,
				C0A1A0A12FAD10000000003C /* CeciliasNotes/Features/Editor/AudioElements */,
				C0A1A0A12FAD10000000003E /* CeciliasNotes/Features/Quiz */,
				C0A1A0A12FAD10000000003F /* CeciliasNotes/Features/Editor/Audio */,
				C0A1A0A12FAD100000000038 /* CeciliasNotes/Resources */,
				C0A1A0A12FAD100000000039 /* CeciliasNotes/Features/Onboarding */,
			);
			name = "Recovered References";
			sourceTree = "<group>";
		};
		ABB82E172FAD01B300EAEC50 = {
			isa = PBXGroup;
			children = (
				ABB82E222FAD01B300EAEC50 /* CeciliasNotes */,
				C0A1A0A12FAD100000000003 /* CeciliasNotesMac */,
				C0A1MAC100000000000001 /* CeciliasNotesMacTests */,
				ABB82E302FAD01B400EAEC50 /* CeciliasNotesTests */,
				ABB82E3A2FAD01B400EAEC50 /* CeciliasNotesUITests */,
				ABB82F412FAD0C6100EAEC50 /* CeciliasNotesWidget */,
				ABB82F3C2FAD0C6100EAEC50 /* Frameworks */,
				ABB82E212FAD01B300EAEC50 /* Products */,
				DF115FFA824CCAE1CD2297B2 /* CeciliasNotesShareExtension */,
				ABA4F30A2FFA91CE0047D365 /* Recovered References */,
			);
			sourceTree = "<group>";
		};
		ABB82E212FAD01B300EAEC50 /* Products */ = {
			isa = PBXGroup;
			children = (
				ABB82E202FAD01B300EAEC50 /* CeciliasNotes.app */,
				C0A1A0A12FAD100000000001 /* CeciliasNotesMac.app */,
				C0A1MAC100000000000002 /* CeciliasNotesMacTests.xctest */,
				ABB82E2D2FAD01B400EAEC50 /* CeciliasNotesTests.xctest */,
				ABB82E372FAD01B400EAEC50 /* CeciliasNotesUITests.xctest */,
				ABB82F3B2FAD0C6100EAEC50 /* CeciliasNotesWidgetExtension.appex */,
				0D2E9E45FB06E5323A18DA69 /* CeciliasNotesShareExtension.appex */,
			);
			name = Products;
			sourceTree = "<group>";
		};
		ABB82F3C2FAD0C6100EAEC50 /* Frameworks */ = {
			isa = PBXGroup;
			children = (
				ABB82F3D2FAD0C6100EAEC50 /* WidgetKit.framework */,
				ABB82F3F2FAD0C6100EAEC50 /* SwiftUI.framework */,
				62670A8D31320BFCA39E4F25 /* iOS */,
			);
			name = Frameworks;
			sourceTree = "<group>";
		};
		DF115FFA824CCAE1CD2297B2 /* CeciliasNotesShareExtension */ = {
			isa = PBXGroup;
			children = (
				707A06BA192104E6C2CAD656 /* ShareViewController.swift */,
				87A6CA5DEAB7A58C80DD5E3F /* Info.plist */,
				BEBD418F864F793079F7B293 /* CeciliasNotesShareExtension.entitlements */,
			);
			path = CeciliasNotesShareExtension;
			sourceTree = "<group>";
		};
/* End PBXGroup section */

/* Begin PBXNativeTarget section */
		A9990A6A7CA431173D36636B /* CeciliasNotesShareExtension */ = {
			isa = PBXNativeTarget;
			buildConfigurationList = 5A8C1A2A5DE793DF65DA8A16 /* Build configuration list for PBXNativeTarget "CeciliasNotesShareExtension" */;
			buildPhases = (
				3B09FA2C90569179BE7B2E64 /* Sources */,
				7B1EA0225FE8569DA2A7C01F /* Frameworks */,
				1C89CD586698E72340A38D75 /* Resources */,
			);
			buildRules = (
			);
			dependencies = (
			);
			name = CeciliasNotesShareExtension;
			productName = CeciliasNotesShareExtension;
			productReference = 0D2E9E45FB06E5323A18DA69 /* CeciliasNotesShareExtension.appex */;
			productType = "com.apple.product-type.app-extension";
		};
		ABB82E1F2FAD01B300EAEC50 /* CeciliasNotes */ = {
			isa = PBXNativeTarget;
			buildConfigurationList = ABB82E412FAD01B400EAEC50 /* Build configuration list for PBXNativeTarget "CeciliasNotes" */;
			buildPhases = (
				ABB82E1C2FAD01B300EAEC50 /* Sources */,
				ABB82E1D2FAD01B300EAEC50 /* Frameworks */,
				ABB82E1E2FAD01B300EAEC50 /* Resources */,
				ABB82F562FAD0C6300EAEC50 /* Embed Foundation Extensions */,
			);
			buildRules = (
			);
			dependencies = (
				ABB82F502FAD0C6300EAEC50 /* PBXTargetDependency */,
				78136A9B4173FFAAB9D66692 /* PBXTargetDependency */,
			);
			fileSystemSynchronizedGroups = (
				ABB82E222FAD01B300EAEC50 /* CeciliasNotes */,
			);
			name = CeciliasNotes;
			productName = CeciliasNotes;
			productReference = ABB82E202FAD01B300EAEC50 /* CeciliasNotes.app */;
			productType = "com.apple.product-type.application";
		};
		ABB82E2C2FAD01B400EAEC50 /* CeciliasNotesTests */ = {
			isa = PBXNativeTarget;
			buildConfigurationList = ABB82E442FAD01B400EAEC50 /* Build configuration list for PBXNativeTarget "CeciliasNotesTests" */;
			buildPhases = (
				ABB82E292FAD01B400EAEC50 /* Sources */,
				ABB82E2A2FAD01B400EAEC50 /* Frameworks */,
				ABB82E2B2FAD01B400EAEC50 /* Resources */,
			);
			buildRules = (
			);
			dependencies = (
				ABB82E2F2FAD01B400EAEC50 /* PBXTargetDependency */,
			);
			fileSystemSynchronizedGroups = (
				ABB82E302FAD01B400EAEC50 /* CeciliasNotesTests */,
			);
			name = CeciliasNotesTests;
			productName = CeciliasNotesTests;
			productReference = ABB82E2D2FAD01B400EAEC50 /* CeciliasNotesTests.xctest */;
			productType = "com.apple.product-type.bundle.unit-test";
		};
		ABB82E362FAD01B400EAEC50 /* CeciliasNotesUITests */ = {
			isa = PBXNativeTarget;
			buildConfigurationList = ABB82E472FAD01B400EAEC50 /* Build configuration list for PBXNativeTarget "CeciliasNotesUITests" */;
			buildPhases = (
				ABB82E332FAD01B400EAEC50 /* Sources */,
				ABB82E342FAD01B400EAEC50 /* Frameworks */,
				ABB82E352FAD01B400EAEC50 /* Resources */,
			);
			buildRules = (
			);
			dependencies = (
				ABB82E392FAD01B400EAEC50 /* PBXTargetDependency */,
			);
			fileSystemSynchronizedGroups = (
				ABB82E3A2FAD01B400EAEC50 /* CeciliasNotesUITests */,
			);
			name = CeciliasNotesUITests;
			productName = CeciliasNotesUITests;
			productReference = ABB82E372FAD01B400EAEC50 /* CeciliasNotesUITests.xctest */;
			productType = "com.apple.product-type.bundle.ui-testing";
		};
		ABB82F3A2FAD0C6100EAEC50 /* CeciliasNotesWidgetExtension */ = {
			isa = PBXNativeTarget;
			buildConfigurationList = ABB82F522FAD0C6300EAEC50 /* Build configuration list for PBXNativeTarget "CeciliasNotesWidgetExtension" */;
			buildPhases = (
				ABB82F372FAD0C6100EAEC50 /* Sources */,
				ABB82F382FAD0C6100EAEC50 /* Frameworks */,
				ABB82F392FAD0C6100EAEC50 /* Resources */,
			);
			buildRules = (
			);
			dependencies = (
			);
			fileSystemSynchronizedGroups = (
				ABB82F412FAD0C6100EAEC50 /* CeciliasNotesWidget */,
			);
			name = CeciliasNotesWidgetExtension;
			productName = CeciliasNotesWidgetExtension;
			productReference = ABB82F3B2FAD0C6100EAEC50 /* CeciliasNotesWidgetExtension.appex */;
			productType = "com.apple.product-type.app-extension";
		};
		C0A1A0A12FAD100000000010 /* CeciliasNotesMac */ = {
			isa = PBXNativeTarget;
			buildConfigurationList = C0A1A0A12FAD100000000011 /* Build configuration list for PBXNativeTarget "CeciliasNotesMac" */;
			buildPhases = (
				C0A1A0A12FAD100000000006 /* Sources */,
				C0A1A0A12FAD100000000004 /* Frameworks */,
				C0A1A0A12FAD100000000005 /* Resources */,
			);
			buildRules = (
			);
			dependencies = (
			);
			fileSystemSynchronizedGroups = (
				C0A1A0A12FAD100000000003 /* CeciliasNotesMac */,
				C0A1A0A12FAD100000000030 /* CeciliasNotes/Core */,
				C0A1A0A12FAD100000000031 /* CeciliasNotes/DesignSystem */,
				C0A1A0A12FAD100000000032 /* CeciliasNotes/Features/Library */,
				C0A1A0A12FAD100000000033 /* CeciliasNotes/Features/Editor/Strokes */,
				C0A1A0A12FAD100000000034 /* CeciliasNotes/Features/Editor/Shapes */,
				C0A1A0A12FAD100000000035 /* CeciliasNotes/Features/Editor/TextElements */,
				C0A1A0A12FAD100000000036 /* CeciliasNotes/Features/Sync */,
				C0A1A0A12FAD100000000037 /* CeciliasNotes/Features/Editor/Cover */,
				C0A1A0A12FAD100000000038 /* CeciliasNotes/Resources */,
				C0A1A0A12FAD100000000039 /* CeciliasNotes/Features/Onboarding */,
				C0A1A0A12FAD10000000003A /* CeciliasNotes/Features/Editor/AI */,
				C0A1A0A12FAD10000000003B /* CeciliasNotes/Features/Editor/Lecture */,
				C0A1A0A12FAD10000000003C /* CeciliasNotes/Features/Editor/AudioElements */,
				C0A1A0A12FAD10000000003E /* CeciliasNotes/Features/Quiz */,
				C0A1A0A12FAD10000000003F /* CeciliasNotes/Features/Editor/Audio */,
			);
			name = CeciliasNotesMac;
			productName = CeciliasNotesMac;
			productReference = C0A1A0A12FAD100000000001 /* CeciliasNotesMac.app */;
			productType = "com.apple.product-type.application";
		};
		C0A1MAC100000000000003 /* CeciliasNotesMacTests */ = {
			isa = PBXNativeTarget;
			buildConfigurationList = C0A1MAC100000000000007 /* Build configuration list for PBXNativeTarget "CeciliasNotesMacTests" */;
			buildPhases = (
				C0A1MAC100000000000004 /* Sources */,
				C0A1MAC100000000000005 /* Frameworks */,
				C0A1MAC100000000000006 /* Resources */,
			);
			buildRules = (
			);
			dependencies = (
				C0A1MAC10000000000000B /* PBXTargetDependency */,
			);
			fileSystemSynchronizedGroups = (
				C0A1MAC100000000000001 /* CeciliasNotesMacTests */,
			);
			name = CeciliasNotesMacTests;
			productName = CeciliasNotesMacTests;
			productReference = C0A1MAC100000000000002 /* CeciliasNotesMacTests.xctest */;
			productType = "com.apple.product-type.bundle.unit-test";
		};
/* End PBXNativeTarget section */

/* Begin PBXProject section */
		ABB82E182FAD01B300EAEC50 /* Project object */ = {
			isa = PBXProject;
			attributes = {
				BuildIndependentTargetsInParallel = 1;
				LastSwiftUpdateCheck = 2640;
				LastUpgradeCheck = 2640;
				TargetAttributes = {
					ABB82E1F2FAD01B300EAEC50 = {
						CreatedOnToolsVersion = 26.4.1;
					};
					ABB82E2C2FAD01B400EAEC50 = {
						CreatedOnToolsVersion = 26.4.1;
						TestTargetID = ABB82E1F2FAD01B300EAEC50;
					};
					ABB82E362FAD01B400EAEC50 = {
						CreatedOnToolsVersion = 26.4.1;
						TestTargetID = ABB82E1F2FAD01B300EAEC50;
					};
					ABB82F3A2FAD0C6100EAEC50 = {
						CreatedOnToolsVersion = 26.4.1;
					};
				};
			};
			buildConfigurationList = ABB82E1B2FAD01B300EAEC50 /* Build configuration list for PBXProject "CeciliasNotes" */;
			developmentRegion = en;
			hasScannedForEncodings = 0;
			knownRegions = (
				en,
				Base,
			);
			mainGroup = ABB82E172FAD01B300EAEC50;
			minimizedProjectReferenceProxies = 1;
			preferredProjectObjectVersion = 77;
			productRefGroup = ABB82E212FAD01B300EAEC50 /* Products */;
			projectDirPath = "";
			projectRoot = "";
			targets = (
				ABB82E1F2FAD01B300EAEC50 /* CeciliasNotes */,
				C0A1A0A12FAD100000000010 /* CeciliasNotesMac */,
				C0A1MAC100000000000003 /* CeciliasNotesMacTests */,
				ABB82E2C2FAD01B400EAEC50 /* CeciliasNotesTests */,
				ABB82E362FAD01B400EAEC50 /* CeciliasNotesUITests */,
				ABB82F3A2FAD0C6100EAEC50 /* CeciliasNotesWidgetExtension */,
				A9990A6A7CA431173D36636B /* CeciliasNotesShareExtension */,
			);
		};
/* End PBXProject section */

/* Begin PBXResourcesBuildPhase section */
		1C89CD586698E72340A38D75 /* Resources */ = {
			isa = PBXResourcesBuildPhase;
			buildActionMask = 2147483647;
			files = (
			);
			runOnlyForDeploymentPostprocessing = 0;
		};
		ABB82E1E2FAD01B300EAEC50 /* Resources */ = {
			isa = PBXResourcesBuildPhase;
			buildActionMask = 2147483647;
			files = (
			);
			runOnlyForDeploymentPostprocessing = 0;
		};
		ABB82E2B2FAD01B400EAEC50 /* Resources */ = {
			isa = PBXResourcesBuildPhase;
			buildActionMask = 2147483647;
			files = (
			);
			runOnlyForDeploymentPostprocessing = 0;
		};
		ABB82E352FAD01B400EAEC50 /* Resources */ = {
			isa = PBXResourcesBuildPhase;
			buildActionMask = 2147483647;
			files = (
			);
			runOnlyForDeploymentPostprocessing = 0;
		};
		ABB82F392FAD0C6100EAEC50 /* Resources */ = {
			isa = PBXResourcesBuildPhase;
			buildActionMask = 2147483647;
			files = (
			);
			runOnlyForDeploymentPostprocessing = 0;
		};
		C0A1A0A12FAD100000000005 /* Resources */ = {
			isa = PBXResourcesBuildPhase;
			buildActionMask = 2147483647;
			files = (
			);
			runOnlyForDeploymentPostprocessing = 0;
		};
		C0A1MAC100000000000006 /* Resources */ = {
			isa = PBXResourcesBuildPhase;
			buildActionMask = 2147483647;
			files = (
			);
			runOnlyForDeploymentPostprocessing = 0;
		};
/* End PBXResourcesBuildPhase section */

/* Begin PBXSourcesBuildPhase section */
		3B09FA2C90569179BE7B2E64 /* Sources */ = {
			isa = PBXSourcesBuildPhase;
			buildActionMask = 2147483647;
			files = (
				2C1428D646D4DFEC4F438491 /* ShareViewController.swift in Sources */,
			);
			runOnlyForDeploymentPostprocessing = 0;
		};
		ABB82E1C2FAD01B300EAEC50 /* Sources */ = {
			isa = PBXSourcesBuildPhase;
			buildActionMask = 2147483647;
			files = (
			);
			runOnlyForDeploymentPostprocessing = 0;
		};
		ABB82E292FAD01B400EAEC50 /* Sources */ = {
			isa = PBXSourcesBuildPhase;
			buildActionMask = 2147483647;
			files = (
			);
			runOnlyForDeploymentPostprocessing = 0;
		};
		ABB82E332FAD01B400EAEC50 /* Sources */ = {
			isa = PBXSourcesBuildPhase;
			buildActionMask = 2147483647;
			files = (
			);
			runOnlyForDeploymentPostprocessing = 0;
		};
		ABB82F372FAD0C6100EAEC50 /* Sources */ = {
			isa = PBXSourcesBuildPhase;
			buildActionMask = 2147483647;
			files = (
			);
			runOnlyForDeploymentPostprocessing = 0;
		};
		C0A1A0A12FAD100000000006 /* Sources */ = {
			isa = PBXSourcesBuildPhase;
			buildActionMask = 2147483647;
			files = (
			);
			runOnlyForDeploymentPostprocessing = 0;
		};
		C0A1MAC100000000000004 /* Sources */ = {
			isa = PBXSourcesBuildPhase;
			buildActionMask = 2147483647;
			files = (
			);
			runOnlyForDeploymentPostprocessing = 0;
		};
/* End PBXSourcesBuildPhase section */

/* Begin PBXTargetDependency section */
		78136A9B4173FFAAB9D66692 /* PBXTargetDependency */ = {
			isa = PBXTargetDependency;
			name = CeciliasNotesShareExtension;
			target = A9990A6A7CA431173D36636B /* CeciliasNotesShareExtension */;
			targetProxy = D172600895C0255B01F138C7 /* PBXContainerItemProxy */;
		};
		ABB82E2F2FAD01B400EAEC50 /* PBXTargetDependency */ = {
			isa = PBXTargetDependency;
			target = ABB82E1F2FAD01B300EAEC50 /* CeciliasNotes */;
			targetProxy = ABB82E2E2FAD01B400EAEC50 /* PBXContainerItemProxy */;
		};
		ABB82E392FAD01B400EAEC50 /* PBXTargetDependency */ = {
			isa = PBXTargetDependency;
			target = ABB82E1F2FAD01B300EAEC50 /* CeciliasNotes */;
			targetProxy = ABB82E382FAD01B400EAEC50 /* PBXContainerItemProxy */;
		};
		ABB82F502FAD0C6300EAEC50 /* PBXTargetDependency */ = {
			isa = PBXTargetDependency;
			target = ABB82F3A2FAD0C6100EAEC50 /* CeciliasNotesWidgetExtension */;
			targetProxy = ABB82F4F2FAD0C6300EAEC50 /* PBXContainerItemProxy */;
		};
		C0A1MAC10000000000000B /* PBXTargetDependency */ = {
			isa = PBXTargetDependency;
			target = C0A1A0A12FAD100000000010 /* CeciliasNotesMac */;
			targetProxy = C0A1MAC10000000000000A /* PBXContainerItemProxy */;
		};
/* End PBXTargetDependency section */

/* Begin XCBuildConfiguration section */
		7FA54D07E7BD03899F157FB6 /* Debug */ = {
			isa = XCBuildConfiguration;
			buildSettings = {
				CLANG_ENABLE_OBJC_WEAK = NO;
				CODE_SIGN_ENTITLEMENTS = CeciliasNotesShareExtension/CeciliasNotesShareExtension.entitlements;
				CODE_SIGN_STYLE = Automatic;
				CURRENT_PROJECT_VERSION = 3;
				DEVELOPMENT_TEAM = WUZ7YPW9JH;
				GENERATE_INFOPLIST_FILE = NO;
				INFOPLIST_FILE = CeciliasNotesShareExtension/Info.plist;
				IPHONEOS_DEPLOYMENT_TARGET = 17.6;
				LD_RUNPATH_SEARCH_PATHS = (
					"$(inherited)",
					"@executable_path/Frameworks",
					"@executable_path/../../Frameworks",
				);
				MARKETING_VERSION = 3.0;
				PRODUCT_BUNDLE_IDENTIFIER = com.angelleyva.notesai.share;
				PRODUCT_NAME = "$(TARGET_NAME)";
				SDKROOT = iphoneos;
				SKIP_INSTALL = YES;
				SWIFT_VERSION = 6.0;
				TARGETED_DEVICE_FAMILY = "1,2";
			};
			name = Debug;
		};
		ABB82E3F2FAD01B400EAEC50 /* Debug */ = {
			isa = XCBuildConfiguration;
			buildSettings = {
				ALWAYS_SEARCH_USER_PATHS = NO;
				ASSETCATALOG_COMPILER_GENERATE_SWIFT_ASSET_SYMBOL_EXTENSIONS = YES;
				CLANG_ANALYZER_NONNULL = YES;
				CLANG_ANALYZER_NUMBER_OBJECT_CONVERSION = YES_AGGRESSIVE;
				CLANG_CXX_LANGUAGE_STANDARD = "gnu++20";
				CLANG_ENABLE_MODULES = YES;
				CLANG_ENABLE_OBJC_ARC = YES;
				CLANG_ENABLE_OBJC_WEAK = YES;
				CLANG_WARN_BLOCK_CAPTURE_AUTORELEASING = YES;
				CLANG_WARN_BOOL_CONVERSION = YES;
				CLANG_WARN_COMMA = YES;
				CLANG_WARN_CONSTANT_CONVERSION = YES;
				CLANG_WARN_DEPRECATED_OBJC_IMPLEMENTATIONS = YES;
				CLANG_WARN_DIRECT_OBJC_ISA_USAGE = YES_ERROR;
				CLANG_WARN_DOCUMENTATION_COMMENTS = YES;
				CLANG_WARN_EMPTY_BODY = YES;
				CLANG_WARN_ENUM_CONVERSION = YES;
				CLANG_WARN_INFINITE_RECURSION = YES;
				CLANG_WARN_INT_CONVERSION = YES;
				CLANG_WARN_NON_LITERAL_NULL_CONVERSION = YES;
				CLANG_WARN_OBJC_IMPLICIT_RETAIN_SELF = YES;
				CLANG_WARN_OBJC_LITERAL_CONVERSION = YES;
				CLANG_WARN_OBJC_ROOT_CLASS = YES_ERROR;
				CLANG_WARN_QUOTED_INCLUDE_IN_FRAMEWORK_HEADER = YES;
				CLANG_WARN_RANGE_LOOP_ANALYSIS = YES;
				CLANG_WARN_STRICT_PROTOTYPES = YES;
				CLANG_WARN_SUSPICIOUS_MOVE = YES;
				CLANG_WARN_UNGUARDED_AVAILABILITY = YES_AGGRESSIVE;
				CLANG_WARN_UNREACHABLE_CODE = YES;
				CLANG_WARN__DUPLICATE_METHOD_MATCH = YES;
				COPY_PHASE_STRIP = NO;
				DEBUG_INFORMATION_FORMAT = dwarf;
				DEVELOPMENT_TEAM = W9559HJWN9;
				ENABLE_STRICT_OBJC_MSGSEND = YES;
				ENABLE_TESTABILITY = YES;
				ENABLE_USER_SCRIPT_SANDBOXING = YES;
				GCC_C_LANGUAGE_STANDARD = gnu17;
				GCC_DYNAMIC_NO_PIC = NO;
				GCC_NO_COMMON_BLOCKS = YES;
				GCC_OPTIMIZATION_LEVEL = 0;
				GCC_PREPROCESSOR_DEFINITIONS = (
					"DEBUG=1",
					"$(inherited)",
				);
				GCC_WARN_64_TO_32_BIT_CONVERSION = YES;
				GCC_WARN_ABOUT_RETURN_TYPE = YES_ERROR;
				GCC_WARN_UNDECLARED_SELECTOR = YES;
				GCC_WARN_UNINITIALIZED_AUTOS = YES_AGGRESSIVE;
				GCC_WARN_UNUSED_FUNCTION = YES;
				GCC_WARN_UNUSED_VARIABLE = YES;
				IPHONEOS_DEPLOYMENT_TARGET = 26.4;
				LOCALIZATION_PREFERS_STRING_CATALOGS = YES;
				MTL_ENABLE_DEBUG_INFO = INCLUDE_SOURCE;
				MTL_FAST_MATH = YES;
				ONLY_ACTIVE_ARCH = YES;
				SDKROOT = iphoneos;
				SWIFT_ACTIVE_COMPILATION_CONDITIONS = "DEBUG $(inherited)";
				SWIFT_OPTIMIZATION_LEVEL = "-Onone";
			};
			name = Debug;
		};
		ABB82E402FAD01B400EAEC50 /* Release */ = {
			isa = XCBuildConfiguration;
			buildSettings = {
				ALWAYS_SEARCH_USER_PATHS = NO;
				ASSETCATALOG_COMPILER_GENERATE_SWIFT_ASSET_SYMBOL_EXTENSIONS = YES;
				CLANG_ANALYZER_NONNULL = YES;
				CLANG_ANALYZER_NUMBER_OBJECT_CONVERSION = YES_AGGRESSIVE;
				CLANG_CXX_LANGUAGE_STANDARD = "gnu++20";
				CLANG_ENABLE_MODULES = YES;
				CLANG_ENABLE_OBJC_ARC = YES;
				CLANG_ENABLE_OBJC_WEAK = YES;
				CLANG_WARN_BLOCK_CAPTURE_AUTORELEASING = YES;
				CLANG_WARN_BOOL_CONVERSION = YES;
				CLANG_WARN_COMMA = YES;
				CLANG_WARN_CONSTANT_CONVERSION = YES;
				CLANG_WARN_DEPRECATED_OBJC_IMPLEMENTATIONS = YES;
				CLANG_WARN_DIRECT_OBJC_ISA_USAGE = YES_ERROR;
				CLANG_WARN_DOCUMENTATION_COMMENTS = YES;
				CLANG_WARN_EMPTY_BODY = YES;
				CLANG_WARN_ENUM_CONVERSION = YES;
				CLANG_WARN_INFINITE_RECURSION = YES;
				CLANG_WARN_INT_CONVERSION = YES;
				CLANG_WARN_NON_LITERAL_NULL_CONVERSION = YES;
				CLANG_WARN_OBJC_IMPLICIT_RETAIN_SELF = YES;
				CLANG_WARN_OBJC_LITERAL_CONVERSION = YES;
				CLANG_WARN_OBJC_ROOT_CLASS = YES_ERROR;
				CLANG_WARN_QUOTED_INCLUDE_IN_FRAMEWORK_HEADER = YES;
				CLANG_WARN_RANGE_LOOP_ANALYSIS = YES;
				CLANG_WARN_STRICT_PROTOTYPES = YES;
				CLANG_WARN_SUSPICIOUS_MOVE = YES;
				CLANG_WARN_UNGUARDED_AVAILABILITY = YES_AGGRESSIVE;
				CLANG_WARN_UNREACHABLE_CODE = YES;
				CLANG_WARN__DUPLICATE_METHOD_MATCH = YES;
				COPY_PHASE_STRIP = NO;
				DEBUG_INFORMATION_FORMAT = "dwarf-with-dsym";
				DEVELOPMENT_TEAM = W9559HJWN9;
				ENABLE_NS_ASSERTIONS = NO;
				ENABLE_STRICT_OBJC_MSGSEND = YES;
				ENABLE_USER_SCRIPT_SANDBOXING = YES;
				GCC_C_LANGUAGE_STANDARD = gnu17;
				GCC_NO_COMMON_BLOCKS = YES;
				GCC_WARN_64_TO_32_BIT_CONVERSION = YES;
				GCC_WARN_ABOUT_RETURN_TYPE = YES_ERROR;
				GCC_WARN_UNDECLARED_SELECTOR = YES;
				GCC_WARN_UNINITIALIZED_AUTOS = YES_AGGRESSIVE;
				GCC_WARN_UNUSED_FUNCTION = YES;
				GCC_WARN_UNUSED_VARIABLE = YES;
				IPHONEOS_DEPLOYMENT_TARGET = 26.4;
				LOCALIZATION_PREFERS_STRING_CATALOGS = YES;
				MTL_ENABLE_DEBUG_INFO = NO;
				MTL_FAST_MATH = YES;
				SDKROOT = iphoneos;
				SWIFT_COMPILATION_MODE = wholemodule;
				VALIDATE_PRODUCT = YES;
			};
			name = Release;
		};
		ABB82E422FAD01B400EAEC50 /* Debug */ = {
			isa = XCBuildConfiguration;
			buildSettings = {
				ASSETCATALOG_COMPILER_APPICON_NAME = AppIcon;
				ASSETCATALOG_COMPILER_GLOBAL_ACCENT_COLOR_NAME = AccentColor;
				ASSETCATALOG_COMPILER_INCLUDE_ALL_APPICON_ASSETS = NO;
				CODE_SIGN_ENTITLEMENTS = CeciliasNotes/Resources/CeciliasNotes.entitlements;
				CODE_SIGN_STYLE = Automatic;
				CURRENT_PROJECT_VERSION = 3;
				DEVELOPMENT_TEAM = WUZ7YPW9JH;
				ENABLE_PREVIEWS = YES;
				GENERATE_INFOPLIST_FILE = NO;
				INFOPLIST_FILE = CeciliasNotes/Resources/Info.plist;
				INFOPLIST_KEY_CFBundleDisplayName = "Cecilia's Notes";
				INFOPLIST_KEY_LSApplicationCategoryType = "public.app-category.productivity";
				IPHONEOS_DEPLOYMENT_TARGET = 17.6;
				LD_RUNPATH_SEARCH_PATHS = (
					"$(inherited)",
					"@executable_path/Frameworks",
				);
				MARKETING_VERSION = 3.0;
				PRODUCT_BUNDLE_IDENTIFIER = com.angelleyva.notesai;
				PRODUCT_MODULE_NAME = CeciliasNotes;
				PRODUCT_NAME = CeciliasNotes;
				REGISTER_APP_GROUPS = YES;
				STRING_CATALOG_GENERATE_SYMBOLS = YES;
				SUPPORTED_PLATFORMS = "iphoneos iphonesimulator";
				SWIFT_APPROACHABLE_CONCURRENCY = YES;
				SWIFT_DEFAULT_ACTOR_ISOLATION = MainActor;
				SWIFT_EMIT_LOC_STRINGS = YES;
				SWIFT_UPCOMING_FEATURE_MEMBER_IMPORT_VISIBILITY = YES;
				SWIFT_VERSION = 6.0;
				TARGETED_DEVICE_FAMILY = "1,2";
			};
			name = Debug;
		};
		ABB82E432FAD01B400EAEC50 /* Release */ = {
			isa = XCBuildConfiguration;
			buildSettings = {
				ASSETCATALOG_COMPILER_APPICON_NAME = AppIcon;
				ASSETCATALOG_COMPILER_GLOBAL_ACCENT_COLOR_NAME = AccentColor;
				ASSETCATALOG_COMPILER_INCLUDE_ALL_APPICON_ASSETS = NO;
				CODE_SIGN_ENTITLEMENTS = CeciliasNotes/Resources/CeciliasNotes.entitlements;
				CODE_SIGN_STYLE = Automatic;
				CURRENT_PROJECT_VERSION = 3;
				DEVELOPMENT_TEAM = WUZ7YPW9JH;
				ENABLE_PREVIEWS = YES;
				GENERATE_INFOPLIST_FILE = NO;
				INFOPLIST_FILE = CeciliasNotes/Resources/Info.plist;
				INFOPLIST_KEY_CFBundleDisplayName = "Cecilia's Notes";
				INFOPLIST_KEY_LSApplicationCategoryType = "public.app-category.productivity";
				IPHONEOS_DEPLOYMENT_TARGET = 17.6;
				LD_RUNPATH_SEARCH_PATHS = (
					"$(inherited)",
					"@executable_path/Frameworks",
				);
				MARKETING_VERSION = 3.0;
				PRODUCT_BUNDLE_IDENTIFIER = com.angelleyva.notesai;
				PRODUCT_MODULE_NAME = CeciliasNotes;
				PRODUCT_NAME = CeciliasNotes;
				STRING_CATALOG_GENERATE_SYMBOLS = YES;
				SUPPORTED_PLATFORMS = "iphoneos iphonesimulator";
				SWIFT_APPROACHABLE_CONCURRENCY = YES;
				SWIFT_DEFAULT_ACTOR_ISOLATION = MainActor;
				SWIFT_EMIT_LOC_STRINGS = YES;
				SWIFT_UPCOMING_FEATURE_MEMBER_IMPORT_VISIBILITY = YES;
				SWIFT_VERSION = 6.0;
				TARGETED_DEVICE_FAMILY = "1,2";
			};
			name = Release;
		};
		ABB82E452FAD01B400EAEC50 /* Debug */ = {
			isa = XCBuildConfiguration;
			buildSettings = {
				BUNDLE_LOADER = "$(TEST_HOST)";
				CODE_SIGN_STYLE = Automatic;
				CURRENT_PROJECT_VERSION = 1;
				DEVELOPMENT_TEAM = W9559HJWN9;
				GENERATE_INFOPLIST_FILE = YES;
				IPHONEOS_DEPLOYMENT_TARGET = 26.4;
				MARKETING_VERSION = 3.0;
				PRODUCT_BUNDLE_IDENTIFIER = app.ceciliasnotes.tests;
				PRODUCT_NAME = "$(TARGET_NAME)";
				STRING_CATALOG_GENERATE_SYMBOLS = NO;
				SWIFT_APPROACHABLE_CONCURRENCY = YES;
				SWIFT_EMIT_LOC_STRINGS = NO;
				SWIFT_UPCOMING_FEATURE_MEMBER_IMPORT_VISIBILITY = YES;
				SWIFT_VERSION = 6.0;
				TARGETED_DEVICE_FAMILY = "1,2";
				TEST_HOST = "$(BUILT_PRODUCTS_DIR)/CeciliasNotes.app/$(BUNDLE_EXECUTABLE_FOLDER_PATH)/CeciliasNotes";
			};
			name = Debug;
		};
		ABB82E462FAD01B400EAEC50 /* Release */ = {
			isa = XCBuildConfiguration;
			buildSettings = {
				BUNDLE_LOADER = "$(TEST_HOST)";
				CODE_SIGN_STYLE = Automatic;
				CURRENT_PROJECT_VERSION = 1;
				DEVELOPMENT_TEAM = W9559HJWN9;
				GENERATE_INFOPLIST_FILE = YES;
				IPHONEOS_DEPLOYMENT_TARGET = 26.4;
				MARKETING_VERSION = 3.0;
				PRODUCT_BUNDLE_IDENTIFIER = app.ceciliasnotes.tests;
				PRODUCT_NAME = "$(TARGET_NAME)";
				STRING_CATALOG_GENERATE_SYMBOLS = NO;
				SWIFT_APPROACHABLE_CONCURRENCY = YES;
				SWIFT_EMIT_LOC_STRINGS = NO;
				SWIFT_UPCOMING_FEATURE_MEMBER_IMPORT_VISIBILITY = YES;
				SWIFT_VERSION = 6.0;
				TARGETED_DEVICE_FAMILY = "1,2";
				TEST_HOST = "$(BUILT_PRODUCTS_DIR)/CeciliasNotes.app/$(BUNDLE_EXECUTABLE_FOLDER_PATH)/CeciliasNotes";
			};
			name = Release;
		};
		ABB82E482FAD01B400EAEC50 /* Debug */ = {
			isa = XCBuildConfiguration;
			buildSettings = {
				CODE_SIGN_STYLE = Automatic;
				CURRENT_PROJECT_VERSION = 1;
				DEVELOPMENT_TEAM = W9559HJWN9;
				GENERATE_INFOPLIST_FILE = YES;
				MARKETING_VERSION = 3.0;
				PRODUCT_BUNDLE_IDENTIFIER = app.ceciliasnotes.UITests;
				PRODUCT_NAME = "$(TARGET_NAME)";
				STRING_CATALOG_GENERATE_SYMBOLS = NO;
				SWIFT_APPROACHABLE_CONCURRENCY = YES;
				SWIFT_EMIT_LOC_STRINGS = NO;
				SWIFT_UPCOMING_FEATURE_MEMBER_IMPORT_VISIBILITY = YES;
				SWIFT_VERSION = 6.0;
				TARGETED_DEVICE_FAMILY = "1,2";
				TEST_TARGET_NAME = CeciliasNotes;
			};
			name = Debug;
		};
		ABB82E492FAD01B400EAEC50 /* Release */ = {
			isa = XCBuildConfiguration;
			buildSettings = {
				CODE_SIGN_STYLE = Automatic;
				CURRENT_PROJECT_VERSION = 1;
				DEVELOPMENT_TEAM = W9559HJWN9;
				GENERATE_INFOPLIST_FILE = YES;
				MARKETING_VERSION = 3.0;
				PRODUCT_BUNDLE_IDENTIFIER = app.ceciliasnotes.UITests;
				PRODUCT_NAME = "$(TARGET_NAME)";
				STRING_CATALOG_GENERATE_SYMBOLS = NO;
				SWIFT_APPROACHABLE_CONCURRENCY = YES;
				SWIFT_EMIT_LOC_STRINGS = NO;
				SWIFT_UPCOMING_FEATURE_MEMBER_IMPORT_VISIBILITY = YES;
				SWIFT_VERSION = 6.0;
				TARGETED_DEVICE_FAMILY = "1,2";
				TEST_TARGET_NAME = CeciliasNotes;
			};
			name = Release;
		};
		ABB82F532FAD0C6300EAEC50 /* Debug */ = {
			isa = XCBuildConfiguration;
			buildSettings = {
				ASSETCATALOG_COMPILER_GLOBAL_ACCENT_COLOR_NAME = AccentColor;
				ASSETCATALOG_COMPILER_WIDGET_BACKGROUND_COLOR_NAME = WidgetBackground;
				CODE_SIGN_ENTITLEMENTS = CeciliasNotesWidget/CeciliasNotesWidget.entitlements;
				CODE_SIGN_STYLE = Automatic;
				CURRENT_PROJECT_VERSION = 3;
				DEVELOPMENT_TEAM = WUZ7YPW9JH;
				GENERATE_INFOPLIST_FILE = YES;
				INFOPLIST_FILE = CeciliasNotesWidget/Info.plist;
				INFOPLIST_KEY_CFBundleDisplayName = CeciliasNotesWidget;
				INFOPLIST_KEY_NSHumanReadableCopyright = "";
				LD_RUNPATH_SEARCH_PATHS = (
					"$(inherited)",
					"@executable_path/Frameworks",
					"@executable_path/../../Frameworks",
				);
				MARKETING_VERSION = 3.0;
				PRODUCT_BUNDLE_IDENTIFIER = com.angelleyva.notesai.widget;
				PRODUCT_NAME = "$(TARGET_NAME)";
				SKIP_INSTALL = YES;
				STRING_CATALOG_GENERATE_SYMBOLS = YES;
				SWIFT_APPROACHABLE_CONCURRENCY = YES;
				SWIFT_EMIT_LOC_STRINGS = YES;
				SWIFT_UPCOMING_FEATURE_MEMBER_IMPORT_VISIBILITY = YES;
				SWIFT_VERSION = 6.0;
				TARGETED_DEVICE_FAMILY = "1,2";
			};
			name = Debug;
		};
		ABB82F542FAD0C6300EAEC50 /* Release */ = {
			isa = XCBuildConfiguration;
			buildSettings = {
				ASSETCATALOG_COMPILER_GLOBAL_ACCENT_COLOR_NAME = AccentColor;
				ASSETCATALOG_COMPILER_WIDGET_BACKGROUND_COLOR_NAME = WidgetBackground;
				CODE_SIGN_ENTITLEMENTS = CeciliasNotesWidget/CeciliasNotesWidget.entitlements;
				CODE_SIGN_STYLE = Automatic;
				CURRENT_PROJECT_VERSION = 3;
				DEVELOPMENT_TEAM = WUZ7YPW9JH;
				GENERATE_INFOPLIST_FILE = YES;
				INFOPLIST_FILE = CeciliasNotesWidget/Info.plist;
				INFOPLIST_KEY_CFBundleDisplayName = CeciliasNotesWidget;
				INFOPLIST_KEY_NSHumanReadableCopyright = "";
				LD_RUNPATH_SEARCH_PATHS = (
					"$(inherited)",
					"@executable_path/Frameworks",
					"@executable_path/../../Frameworks",
				);
				MARKETING_VERSION = 3.0;
				PRODUCT_BUNDLE_IDENTIFIER = co.;
				PRODUCT_NAME = "$(TARGET_NAME)";
				SKIP_INSTALL = YES;
				STRING_CATALOG_GENERATE_SYMBOLS = YES;
				SWIFT_APPROACHABLE_CONCURRENCY = YES;
				SWIFT_EMIT_LOC_STRINGS = YES;
				SWIFT_UPCOMING_FEATURE_MEMBER_IMPORT_VISIBILITY = YES;
				SWIFT_VERSION = 6.0;
				TARGETED_DEVICE_FAMILY = "1,2";
			};
			name = Release;
		};
		C0A1A0A12FAD100000000012 /* Debug */ = {
			isa = XCBuildConfiguration;
			buildSettings = {
				ASSETCATALOG_COMPILER_APPICON_NAME = AppIcon;
				ASSETCATALOG_COMPILER_GLOBAL_ACCENT_COLOR_NAME = AccentColor;
				CODE_SIGN_ENTITLEMENTS = CeciliasNotesMac/Resources/CeciliasNotesMac.entitlements;
				CODE_SIGN_STYLE = Automatic;
				CURRENT_PROJECT_VERSION = 3;
				DEVELOPMENT_TEAM = W9559HJWN9;
				ENABLE_HARDENED_RUNTIME = YES;
				GENERATE_INFOPLIST_FILE = NO;
				INFOPLIST_FILE = CeciliasNotesMac/Resources/Info.plist;
				INFOPLIST_KEY_CFBundleDisplayName = "Cecilia's Notes";
				INFOPLIST_KEY_LSApplicationCategoryType = "public.app-category.productivity";
				LD_RUNPATH_SEARCH_PATHS = (
					"$(inherited)",
					"@executable_path/../Frameworks",
				);
				MACOSX_DEPLOYMENT_TARGET = 15.0;
				MARKETING_VERSION = 3.0;
				PRODUCT_BUNDLE_IDENTIFIER = app.ceciliasnotes;
				PRODUCT_MODULE_NAME = CeciliasNotesMac;
				PRODUCT_NAME = CeciliasNotesMac;
				SDKROOT = macosx;
				SWIFT_ACTIVE_COMPILATION_CONDITIONS = "DEBUG $(inherited)";
				SWIFT_OPTIMIZATION_LEVEL = "-Onone";
				SWIFT_VERSION = 6.0;
			};
			name = Debug;
		};
		C0A1A0A12FAD100000000013 /* Release */ = {
			isa = XCBuildConfiguration;
			buildSettings = {
				ASSETCATALOG_COMPILER_APPICON_NAME = AppIcon;
				ASSETCATALOG_COMPILER_GLOBAL_ACCENT_COLOR_NAME = AccentColor;
				CODE_SIGN_ENTITLEMENTS = CeciliasNotesMac/Resources/CeciliasNotesMac.entitlements;
				CODE_SIGN_STYLE = Automatic;
				CURRENT_PROJECT_VERSION = 3;
				DEVELOPMENT_TEAM = W9559HJWN9;
				ENABLE_HARDENED_RUNTIME = YES;
				GENERATE_INFOPLIST_FILE = NO;
				INFOPLIST_FILE = CeciliasNotesMac/Resources/Info.plist;
				INFOPLIST_KEY_CFBundleDisplayName = "Cecilia's Notes";
				INFOPLIST_KEY_LSApplicationCategoryType = "public.app-category.productivity";
				LD_RUNPATH_SEARCH_PATHS = (
					"$(inherited)",
					"@executable_path/../Frameworks",
				);
				MACOSX_DEPLOYMENT_TARGET = 15.0;
				MARKETING_VERSION = 3.0;
				PRODUCT_BUNDLE_IDENTIFIER = app.ceciliasnotes;
				PRODUCT_MODULE_NAME = CeciliasNotesMac;
				PRODUCT_NAME = CeciliasNotesMac;
				SDKROOT = macosx;
				SWIFT_COMPILATION_MODE = wholemodule;
				SWIFT_VERSION = 6.0;
				VALIDATE_PRODUCT = YES;
			};
			name = Release;
		};
		C0A1MAC100000000000008 /* Debug */ = {
			isa = XCBuildConfiguration;
			buildSettings = {
				BUNDLE_LOADER = "$(TEST_HOST)";
				CODE_SIGN_STYLE = Automatic;
				CURRENT_PROJECT_VERSION = 1;
				DEVELOPMENT_TEAM = W9559HJWN9;
				GENERATE_INFOPLIST_FILE = YES;
				MACOSX_DEPLOYMENT_TARGET = 15.0;
				MARKETING_VERSION = 3.0;
				PRODUCT_BUNDLE_IDENTIFIER = app.ceciliasnotes.mac.tests;
				PRODUCT_NAME = "$(TARGET_NAME)";
				SDKROOT = macosx;
				STRING_CATALOG_GENERATE_SYMBOLS = NO;
				SWIFT_EMIT_LOC_STRINGS = NO;
				SWIFT_VERSION = 6.0;
				TEST_HOST = "$(BUILT_PRODUCTS_DIR)/CeciliasNotesMac.app/$(BUNDLE_EXECUTABLE_FOLDER_PATH)/CeciliasNotesMac";
			};
			name = Debug;
		};
		C0A1MAC100000000000009 /* Release */ = {
			isa = XCBuildConfiguration;
			buildSettings = {
				BUNDLE_LOADER = "$(TEST_HOST)";
				CODE_SIGN_STYLE = Automatic;
				CURRENT_PROJECT_VERSION = 1;
				DEVELOPMENT_TEAM = W9559HJWN9;
				GENERATE_INFOPLIST_FILE = YES;
				MACOSX_DEPLOYMENT_TARGET = 15.0;
				MARKETING_VERSION = 3.0;
				PRODUCT_BUNDLE_IDENTIFIER = app.ceciliasnotes.mac.tests;
				PRODUCT_NAME = "$(TARGET_NAME)";
				SDKROOT = macosx;
				STRING_CATALOG_GENERATE_SYMBOLS = NO;
				SWIFT_EMIT_LOC_STRINGS = NO;
				SWIFT_VERSION = 6.0;
				TEST_HOST = "$(BUILT_PRODUCTS_DIR)/CeciliasNotesMac.app/$(BUNDLE_EXECUTABLE_FOLDER_PATH)/CeciliasNotesMac";
			};
			name = Release;
		};
		E3A1969923A25FBD59464C0F /* Release */ = {
			isa = XCBuildConfiguration;
			buildSettings = {
				CLANG_ENABLE_OBJC_WEAK = NO;
				CODE_SIGN_ENTITLEMENTS = CeciliasNotesShareExtension/CeciliasNotesShareExtension.entitlements;
				CODE_SIGN_STYLE = Automatic;
				CURRENT_PROJECT_VERSION = 3;
				DEVELOPMENT_TEAM = WUZ7YPW9JH;
				GENERATE_INFOPLIST_FILE = NO;
				INFOPLIST_FILE = CeciliasNotesShareExtension/Info.plist;
				IPHONEOS_DEPLOYMENT_TARGET = 17.6;
				LD_RUNPATH_SEARCH_PATHS = (
					"$(inherited)",
					"@executable_path/Frameworks",
					"@executable_path/../../Frameworks",
				);
				MARKETING_VERSION = 3.0;
				PRODUCT_BUNDLE_IDENTIFIER = com.angelleyva.notesai.share;
				PRODUCT_NAME = "$(TARGET_NAME)";
				SDKROOT = iphoneos;
				SKIP_INSTALL = YES;
				SWIFT_VERSION = 6.0;
				TARGETED_DEVICE_FAMILY = "1,2";
				VALIDATE_PRODUCT = YES;
			};
			name = Release;
		};
/* End XCBuildConfiguration section */

/* Begin XCConfigurationList section */
		5A8C1A2A5DE793DF65DA8A16 /* Build configuration list for PBXNativeTarget "CeciliasNotesShareExtension" */ = {
			isa = XCConfigurationList;
			buildConfigurations = (
				E3A1969923A25FBD59464C0F /* Release */,
				7FA54D07E7BD03899F157FB6 /* Debug */,
			);
			defaultConfigurationIsVisible = 0;
			defaultConfigurationName = Release;
		};
		ABB82E1B2FAD01B300EAEC50 /* Build configuration list for PBXProject "CeciliasNotes" */ = {
			isa = XCConfigurationList;
			buildConfigurations = (
				ABB82E3F2FAD01B400EAEC50 /* Debug */,
				ABB82E402FAD01B400EAEC50 /* Release */,
			);
			defaultConfigurationIsVisible = 0;
			defaultConfigurationName = Release;
		};
		ABB82E412FAD01B400EAEC50 /* Build configuration list for PBXNativeTarget "CeciliasNotes" */ = {
			isa = XCConfigurationList;
			buildConfigurations = (
				ABB82E422FAD01B400EAEC50 /* Debug */,
				ABB82E432FAD01B400EAEC50 /* Release */,
			);
			defaultConfigurationIsVisible = 0;
			defaultConfigurationName = Release;
		};
		ABB82E442FAD01B400EAEC50 /* Build configuration list for PBXNativeTarget "CeciliasNotesTests" */ = {
			isa = XCConfigurationList;
			buildConfigurations = (
				ABB82E452FAD01B400EAEC50 /* Debug */,
				ABB82E462FAD01B400EAEC50 /* Release */,
			);
			defaultConfigurationIsVisible = 0;
			defaultConfigurationName = Release;
		};
		ABB82E472FAD01B400EAEC50 /* Build configuration list for PBXNativeTarget "CeciliasNotesUITests" */ = {
			isa = XCConfigurationList;
			buildConfigurations = (
				ABB82E482FAD01B400EAEC50 /* Debug */,
				ABB82E492FAD01B400EAEC50 /* Release */,
			);
			defaultConfigurationIsVisible = 0;
			defaultConfigurationName = Release;
		};
		ABB82F522FAD0C6300EAEC50 /* Build configuration list for PBXNativeTarget "CeciliasNotesWidgetExtension" */ = {
			isa = XCConfigurationList;
			buildConfigurations = (
				ABB82F532FAD0C6300EAEC50 /* Debug */,
				ABB82F542FAD0C6300EAEC50 /* Release */,
			);
			defaultConfigurationIsVisible = 0;
			defaultConfigurationName = Release;
		};
		C0A1A0A12FAD100000000011 /* Build configuration list for PBXNativeTarget "CeciliasNotesMac" */ = {
			isa = XCConfigurationList;
			buildConfigurations = (
				C0A1A0A12FAD100000000012 /* Debug */,
				C0A1A0A12FAD100000000013 /* Release */,
			);
			defaultConfigurationIsVisible = 0;
			defaultConfigurationName = Release;
		};
		C0A1MAC100000000000007 /* Build configuration list for PBXNativeTarget "CeciliasNotesMacTests" */ = {
			isa = XCConfigurationList;
			buildConfigurations = (
				C0A1MAC100000000000008 /* Debug */,
				C0A1MAC100000000000009 /* Release */,
			);
			defaultConfigurationIsVisible = 0;
			defaultConfigurationName = Release;
		};
/* End XCConfigurationList section */
	};
	rootObject = ABB82E182FAD01B300EAEC50 /* Project object */;
}
